// !$*UTF8*$!
{
	archiveVersion = 1;
	classes = {
	};
	objectVersion = 46;
	objects = {

/* Begin PBXBuildFile section */
		95F041AD1DD4FACE00FF747E /* AppDelegate.swift in Sources */ = {isa = PBXBuildFile; fileRef = 95F041AC1DD4FACE00FF747E /* AppDelegate.swift */; };
		95F041AF1DD4FACE00FF747E /* ViewController.swift in Sources */ = {isa = PBXBuildFile; fileRef = 95F041AE1DD4FACE00FF747E /* ViewController.swift */; };
		95F041B21DD4FACE00FF747E /* Main.storyboard in Resources */ = {isa = PBXBuildFile; fileRef = 95F041B01DD4FACE00FF747E /* Main.storyboard */; };
		95F041B41DD4FACE00FF747E /* Assets.xcassets in Resources */ = {isa = PBXBuildFile; fileRef = 95F041B31DD4FACE00FF747E /* Assets.xcassets */; };
		95F041B71DD4FACE00FF747E /* LaunchScreen.storyboard in Resources */ = {isa = PBXBuildFile; fileRef = 95F041B51DD4FACE00FF747E /* LaunchScreen.storyboard */; };
		95F041C21DD4FACE00FF747E /* customCellFlightlessNovTests.swift in Sources */ = {isa = PBXBuildFile; fileRef = 95F041C11DD4FACE00FF747E /* customCellFlightlessNovTests.swift */; };
		95F041CD1DD4FACE00FF747E /* customCellFlightlessNovUITests.swift in Sources */ = {isa = PBXBuildFile; fileRef = 95F041CC1DD4FACE00FF747E /* customCellFlightlessNovUITests.swift */; };
/* End PBXBuildFile section */

/* Begin PBXContainerItemProxy section */
		95F041BE1DD4FACE00FF747E /* PBXContainerItemProxy */ = {
			isa = PBXContainerItemProxy;
			containerPortal = 95F041A11DD4FACE00FF747E /* Project object */;
			proxyType = 1;
			remoteGlobalIDString = 95F041A81DD4FACE00FF747E;
			remoteInfo = customCellFlightlessNov;
		};
		95F041C91DD4FACE00FF747E /* PBXContainerItemProxy */ = {
			isa = PBXContainerItemProxy;
			containerPortal = 95F041A11DD4FACE00FF747E /* Project object */;
			proxyType = 1;
			remoteGlobalIDString = 95F041A81DD4FACE00FF747E;
			remoteInfo = customCellFlightlessNov;
		};
/* End PBXContainerItemProxy section */

/* Begin PBXFileReference section */
		95F041A91DD4FACE00FF747E /* customCellFlightlessNov.app */ = {isa = PBXFileReference; explicitFileType = wrapper.application; includeInIndex = 0; path = customCellFlightlessNov.app; sourceTree = BUILT_PRODUCTS_DIR; };
		95F041AC1DD4FACE00FF747E /* AppDelegate.swift */ = {isa = PBXFileReference; lastKnownFileType = sourcecode.swift; path = AppDelegate.swift; sourceTree = "<group>"; };
		95F041AE1DD4FACE00FF747E /* ViewController.swift */ = {isa = PBXFileReference; lastKnownFileType = sourcecode.swift; path = ViewController.swift; sourceTree = "<group>"; };
		95F041B11DD4FACE00FF747E /* Base */ = {isa = PBXFileReference; lastKnownFileType = file.storyboard; name = Base; path = Base.lproj/Main.storyboard; sourceTree = "<group>"; };
		95F041B31DD4FACE00FF747E /* Assets.xcassets */ = {isa = PBXFileReference; lastKnownFileType = folder.assetcatalog; path = Assets.xcassets; sourceTree = "<group>"; };
		95F041B61DD4FACE00FF747E /* Base */ = {isa = PBXFileReference; lastKnownFileType = file.storyboard; name = Base; path = Base.lproj/LaunchScreen.storyboard; sourceTree = "<group>"; };
		95F041B81DD4FACE00FF747E /* Info.plist */ = {isa = PBXFileReference; lastKnownFileType = text.plist.xml; path = Info.plist; sourceTree = "<group>"; };
		95F041BD1DD4FACE00FF747E /* customCellFlightlessNovTests.xctest */ = {isa = PBXFileReference; explicitFileType = wrapper.cfbundle; includeInIndex = 0; path = customCellFlightlessNovTests.xctest; sourceTree = BUILT_PRODUCTS_DIR; };
		95F041C11DD4FACE00FF747E /* customCellFlightlessNovTests.swift */ = {isa = PBXFileReference; lastKnownFileType = sourcecode.swift; path = customCellFlightlessNovTests.swift; sourceTree = "<group>"; };
		95F041C31DD4FACE00FF747E /* Info.plist */ = {isa = PBXFileReference; lastKnownFileType = text.plist.xml; path = Info.plist; sourceTree = "<group>"; };
		95F041C81DD4FACE00FF747E /* customCellFlightlessNovUITests.xctest */ = {isa = PBXFileReference; explicitFileType = wrapper.cfbundle; includeInIndex = 0; path = customCellFlightlessNovUITests.xctest; sourceTree = BUILT_PRODUCTS_DIR; };
		95F041CC1DD4FACE00FF747E /* customCellFlightlessNovUITests.swift */ = {isa = PBXFileReference; lastKnownFileType = sourcecode.swift; path = customCellFlightlessNovUITests.swift; sourceTree = "<group>"; };
		95F041CE1DD4FACE00FF747E /* Info.plist */ = {isa = PBXFileReference; lastKnownFileType = text.plist.xml; path = Info.plist; sourceTree = "<group>"; };
/* End PBXFileReference section */

/* Begin PBXFrameworksBuildPhase section */
		95F041A61DD4FACE00FF747E /* Frameworks */ = {
			isa = PBXFrameworksBuildPhase;
			buildActionMask = 2147483647;
			files = (
			);
			runOnlyForDeploymentPostprocessing = 0;
		};
		95F041BA1DD4FACE00FF747E /* Frameworks */ = {
			isa = PBXFrameworksBuildPhase;
			buildActionMask = 2147483647;
			files = (
			);
			runOnlyForDeploymentPostprocessing = 0;
		};
		95F041C51DD4FACE00FF747E /* Frameworks */ = {
			isa = PBXFrameworksBuildPhase;
			buildActionMask = 2147483647;
			files = (
			);
			runOnlyForDeploymentPostprocessing = 0;
		};
/* End PBXFrameworksBuildPhase section */

/* Begin PBXGroup section */
		95F041A01DD4FACE00FF747E = {
			isa = PBXGroup;
			children = (
				95F041AB1DD4FACE00FF747E /* customCellFlightlessNov */,
				95F041C01DD4FACE00FF747E /* customCellFlightlessNovTests */,
				95F041CB1DD4FACE00FF747E /* customCellFlightlessNovUITests */,
				95F041AA1DD4FACE00FF747E /* Products */,
			);
			sourceTree = "<group>";
		};
		95F041AA1DD4FACE00FF747E /* Products */ = {
			isa = PBXGroup;
			children = (
				95F041A91DD4FACE00FF747E /* customCellFlightlessNov.app */,
				95F041BD1DD4FACE00FF747E /* customCellFlightlessNovTests.xctest */,
				95F041C81DD4FACE00FF747E /* customCellFlightlessNovUITests.xctest */,
			);
			name = Products;
			sourceTree = "<group>";
		};
		95F041AB1DD4FACE00FF747E /* customCellFlightlessNov */ = {
			isa = PBXGroup;
			children = (
				95F041AC1DD4FACE00FF747E /* AppDelegate.swift */,
				95F041AE1DD4FACE00FF747E /* ViewController.swift */,
				95F041B01DD4FACE00FF747E /* Main.storyboard */,
				95F041B31DD4FACE00FF747E /* Assets.xcassets */,
				95F041B51DD4FACE00FF747E /* LaunchScreen.storyboard */,
				95F041B81DD4FACE00FF747E /* Info.plist */,
			);
			path = customCellFlightlessNov;
			sourceTree = "<group>";
		};
		95F041C01DD4FACE00FF747E /* customCellFlightlessNovTests */ = {
			isa = PBXGroup;
			children = (
				95F041C11DD4FACE00FF747E /* customCellFlightlessNovTests.swift */,
				95F041C31DD4FACE00FF747E /* Info.plist */,
			);
			path = customCellFlightlessNovTests;
			sourceTree = "<group>";
		};
		95F041CB1DD4FACE00FF747E /* customCellFlightlessNovUITests */ = {
			isa = PBXGroup;
			children = (
				95F041CC1DD4FACE00FF747E /* customCellFlightlessNovUITests.swift */,
				95F041CE1DD4FACE00FF747E /* Info.plist */,
			);
			path = customCellFlightlessNovUITests;
			sourceTree = "<group>";
		};
/* End PBXGroup section */

/* Begin PBXNativeTarget section */
		95F041A81DD4FACE00FF747E /* customCellFlightlessNov */ = {
			isa = PBXNativeTarget;
			buildConfigurationList = 95F041D11DD4FACE00FF747E /* Build configuration list for PBXNativeTarget "customCellFlightlessNov" */;
			buildPhases = (
				95F041A51DD4FACE00FF747E /* Sources */,
				95F041A61DD4FACE00FF747E /* Frameworks */,
				95F041A71DD4FACE00FF747E /* Resources */,
			);
			buildRules = (
			);
			dependencies = (
			);
			name = customCellFlightlessNov;
			productName = customCellFlightlessNov;
			productReference = 95F041A91DD4FACE00FF747E /* customCellFlightlessNov.app */;
			productType = "com.apple.product-type.application";
		};
		95F041BC1DD4FACE00FF747E /* customCellFlightlessNovTests */ = {
			isa = PBXNativeTarget;
			buildConfigurationList = 95F041D41DD4FACE00FF747E /* Build configuration list for PBXNativeTarget "customCellFlightlessNovTests" */;
			buildPhases = (
				95F041B91DD4FACE00FF747E /* Sources */,
				95F041BA1DD4FACE00FF747E /* Frameworks */,
				95F041BB1DD4FACE00FF747E /* Resources */,
			);
			buildRules = (
			);
			dependencies = (
				95F041BF1DD4FACE00FF747E /* PBXTargetDependency */,
			);
			name = customCellFlightlessNovTests;
			productName = customCellFlightlessNovTests;
			productReference = 95F041BD1DD4FACE00FF747E /* customCellFlightlessNovTests.xctest */;
			productType = "com.apple.product-type.bundle.unit-test";
		};
		95F041C71DD4FACE00FF747E /* customCellFlightlessNovUITests */ = {
			isa = PBXNativeTarget;
			buildConfigurationList = 95F041D71DD4FACE00FF747E /* Build configuration list for PBXNativeTarget "customCellFlightlessNovUITests" */;
			buildPhases = (
				95F041C41DD4FACE00FF747E /* Sources */,
				95F041C51DD4FACE00FF747E /* Frameworks */,
				95F041C61DD4FACE00FF747E /* Resources */,
			);
			buildRules = (
			);
			dependencies = (
				95F041CA1DD4FACE00FF747E /* PBXTargetDependency */,
			);
			name = customCellFlightlessNovUITests;
			productName = customCellFlightlessNovUITests;
			productReference = 95F041C81DD4FACE00FF747E /* customCellFlightlessNovUITests.xctest */;
			productType = "com.apple.product-type.bundle.ui-testing";
		};
/* End PBXNativeTarget section */

/* Begin PBXProject section */
		95F041A11DD4FACE00FF747E /* Project object */ = {
			isa = PBXProject;
			attributes = {
				LastSwiftUpdateCheck = 0810;
				LastUpgradeCheck = 0810;
				ORGANIZATIONNAME = "Amy Giver Squid";
				TargetAttributes = {
					95F041A81DD4FACE00FF747E = {
						CreatedOnToolsVersion = 8.1;
						ProvisioningStyle = Automatic;
					};
					95F041BC1DD4FACE00FF747E = {
						CreatedOnToolsVersion = 8.1;
						ProvisioningStyle = Automatic;
						TestTargetID = 95F041A81DD4FACE00FF747E;
					};
					95F041C71DD4FACE00FF747E = {
						CreatedOnToolsVersion = 8.1;
						ProvisioningStyle = Automatic;
						TestTargetID = 95F041A81DD4FACE00FF747E;
					};
				};
			};
			buildConfigurationList = 95F041A41DD4FACE00FF747E /* Build configuration list for PBXProject "customCellFlightlessNov" */;
			compatibilityVersion = "Xcode 3.2";
			developmentRegion = English;
			hasScannedForEncodings = 0;
			knownRegions = (
				en,
				Base,
			);
			mainGroup = 95F041A01DD4FACE00FF747E;
			productRefGroup = 95F041AA1DD4FACE00FF747E /* Products */;
			projectDirPath = "";
			projectRoot = "";
			targets = (
				95F041A81DD4FACE00FF747E /* customCellFlightlessNov */,
				95F041BC1DD4FACE00FF747E /* customCellFlightlessNovTests */,
				95F041C71DD4FACE00FF747E /* customCellFlightlessNovUITests */,
			);
		};
/* End PBXProject section */

/* Begin PBXResourcesBuildPhase section */
		95F041A71DD4FACE00FF747E /* Resources */ = {
			isa = PBXResourcesBuildPhase;
			buildActionMask = 2147483647;
			files = (
				95F041B71DD4FACE00FF747E /* LaunchScreen.storyboard in Resources */,
				95F041B41DD4FACE00FF747E /* Assets.xcassets in Resources */,
				95F041B21DD4FACE00FF747E /* Main.storyboard in Resources */,
			);
			runOnlyForDeploymentPostprocessing = 0;
		};
		95F041BB1DD4FACE00FF747E /* Resources */ = {
			isa = PBXResourcesBuildPhase;
			buildActionMask = 2147483647;
			files = (
			);
			runOnlyForDeploymentPostprocessing = 0;
		};
		95F041C61DD4FACE00FF747E /* Resources */ = {
			isa = PBXResourcesBuildPhase;
			buildActionMask = 2147483647;
			files = (
			);
			runOnlyForDeploymentPostprocessing = 0;
		};
/* End PBXResourcesBuildPhase section */

/* Begin PBXSourcesBuildPhase section */
		95F041A51DD4FACE00FF747E /* Sources */ = {
			isa = PBXSourcesBuildPhase;
			buildActionMask = 2147483647;
			files = (
				95F041AF1DD4FACE00FF747E /* ViewController.swift in Sources */,
				95F041AD1DD4FACE00FF747E /* AppDelegate.swift in Sources */,
			);
			runOnlyForDeploymentPostprocessing = 0;
		};
		95F041B91DD4FACE00FF747E /* Sources */ = {
			isa = PBXSourcesBuildPhase;
			buildActionMask = 2147483647;
			files = (
				95F041C21DD4FACE00FF747E /* customCellFlightlessNovTests.swift in Sources */,
			);
			runOnlyForDeploymentPostprocessing = 0;
		};
		95F041C41DD4FACE00FF747E /* Sources */ = {
			isa = PBXSourcesBuildPhase;
			buildActionMask = 2147483647;
			files = (
				95F041CD1DD4FACE00FF747E /* customCellFlightlessNovUITests.swift in Sources */,
			);
			runOnlyForDeploymentPostprocessing = 0;
		};
/* End PBXSourcesBuildPhase section */

/* Begin PBXTargetDependency section */
		95F041BF1DD4FACE00FF747E /* PBXTargetDependency */ = {
			isa = PBXTargetDependency;
			target = 95F041A81DD4FACE00FF747E /* customCellFlightlessNov */;
			targetProxy = 95F041BE1DD4FACE00FF747E /* PBXContainerItemProxy */;
		};
		95F041CA1DD4FACE00FF747E /* PBXTargetDependency */ = {
			isa = PBXTargetDependency;
			target = 95F041A81DD4FACE00FF747E /* customCellFlightlessNov */;
			targetProxy = 95F041C91DD4FACE00FF747E /* PBXContainerItemProxy */;
		};
/* End PBXTargetDependency section */

/* Begin PBXVariantGroup section */
		95F041B01DD4FACE00FF747E /* Main.storyboard */ = {
			isa = PBXVariantGroup;
			children = (
				95F041B11DD4FACE00FF747E /* Base */,
			);
			name = Main.storyboard;
			sourceTree = "<group>";
		};
		95F041B51DD4FACE00FF747E /* LaunchScreen.storyboard */ = {
			isa = PBXVariantGroup;
			children = (
				95F041B61DD4FACE00FF747E /* Base */,
			);
			name = LaunchScreen.storyboard;
			sourceTree = "<group>";
		};
/* End PBXVariantGroup section */

/* Begin XCBuildConfiguration section */
		95F041CF1DD4FACE00FF747E /* Debug */ = {
			isa = XCBuildConfiguration;
			buildSettings = {
				ALWAYS_SEARCH_USER_PATHS = NO;
				CLANG_ANALYZER_NONNULL = YES;
				CLANG_CXX_LANGUAGE_STANDARD = "gnu++0x";
				CLANG_CXX_LIBRARY = "libc++";
				CLANG_ENABLE_MODULES = YES;
				CLANG_ENABLE_OBJC_ARC = YES;
				CLANG_WARN_BOOL_CONVERSION = YES;
				CLANG_WARN_CONSTANT_CONVERSION = YES;
				CLANG_WARN_DIRECT_OBJC_ISA_USAGE = YES_ERROR;
				CLANG_WARN_DOCUMENTATION_COMMENTS = YES;
				CLANG_WARN_EMPTY_BODY = YES;
				CLANG_WARN_ENUM_CONVERSION = YES;
				CLANG_WARN_INFINITE_RECURSION = YES;
				CLANG_WARN_INT_CONVERSION = YES;
				CLANG_WARN_OBJC_ROOT_CLASS = YES_ERROR;
				CLANG_WARN_SUSPICIOUS_MOVES = YES;
				CLANG_WARN_UNREACHABLE_CODE = YES;
				CLANG_WARN__DUPLICATE_METHOD_MATCH = YES;
				"CODE_SIGN_IDENTITY[sdk=iphoneos*]" = "iPhone Developer";
				COPY_PHASE_STRIP = NO;
				DEBUG_INFORMATION_FORMAT = dwarf;
				ENABLE_STRICT_OBJC_MSGSEND = YES;
				ENABLE_TESTABILITY = YES;
				GCC_C_LANGUAGE_STANDARD = gnu99;
				GCC_DYNAMIC_NO_PIC = NO;
				GCC_NO_COMMON_BLOCKS = YES;
				GCC_OPTIMIZATION_LEVEL = 0;
				GCC_PREPROCESSOR_DEFINITIONS = (
					"DEBUG=1",
					"$(inherited)",
				);
				GCC_WARN_64_TO_32_BIT_CONVERSION = YES;
				GCC_WARN_ABOUT_RETURN_TYPE = YES_ERROR;
				GCC_WARN_UNDECLARED_SELECTOR = YES;
				GCC_WARN_UNINITIALIZED_AUTOS = YES_AGGRESSIVE;
				GCC_WARN_UNUSED_FUNCTION = YES;
				GCC_WARN_UNUSED_VARIABLE = YES;
				IPHONEOS_DEPLOYMENT_TARGET = 10.1;
				MTL_ENABLE_DEBUG_INFO = YES;
				ONLY_ACTIVE_ARCH = YES;
				SDKROOT = iphoneos;
				SWIFT_ACTIVE_COMPILATION_CONDITIONS = DEBUG;
				SWIFT_OPTIMIZATION_LEVEL = "-Onone";
				TARGETED_DEVICE_FAMILY = "1,2";
			};
			name = Debug;
		};
		95F041D01DD4FACE00FF747E /* Release */ = {
			isa = XCBuildConfiguration;
			buildSettings = {
				ALWAYS_SEARCH_USER_PATHS = NO;
				CLANG_ANALYZER_NONNULL = YES;
				CLANG_CXX_LANGUAGE_STANDARD = "gnu++0x";
				CLANG_CXX_LIBRARY = "libc++";
				CLANG_ENABLE_MODULES = YES;
				CLANG_ENABLE_OBJC_ARC = YES;
				CLANG_WARN_BOOL_CONVERSION = YES;
				CLANG_WARN_CONSTANT_CONVERSION = YES;
				CLANG_WARN_DIRECT_OBJC_ISA_USAGE = YES_ERROR;
				CLANG_WARN_DOCUMENTATION_COMMENTS = YES;
				CLANG_WARN_EMPTY_BODY = YES;
				CLANG_WARN_ENUM_CONVERSION = YES;
				CLANG_WARN_INFINITE_RECURSION = YES;
				CLANG_WARN_INT_CONVERSION = YES;
				CLANG_WARN_OBJC_ROOT_CLASS = YES_ERROR;
				CLANG_WARN_SUSPICIOUS_MOVES = YES;
				CLANG_WARN_UNREACHABLE_CODE = YES;
				CLANG_WARN__DUPLICATE_METHOD_MATCH = YES;
				"CODE_SIGN_IDENTITY[sdk=iphoneos*]" = "iPhone Developer";
				COPY_PHASE_STRIP = NO;
				DEBUG_INFORMATION_FORMAT = "dwarf-with-dsym";
				ENABLE_NS_ASSERTIONS = NO;
				ENABLE_STRICT_OBJC_MSGSEND = YES;
				GCC_C_LANGUAGE_STANDARD = gnu99;
				GCC_NO_COMMON_BLOCKS = YES;
				GCC_WARN_64_TO_32_BIT_CONVERSION = YES;
				GCC_WARN_ABOUT_RETURN_TYPE = YES_ERROR;
				GCC_WARN_UNDECLARED_SELECTOR = YES;
				GCC_WARN_UNINITIALIZED_AUTOS = YES_AGGRESSIVE;
				GCC_WARN_UNUSED_FUNCTION = YES;
				GCC_WARN_UNUSED_VARIABLE = YES;
				IPHONEOS_DEPLOYMENT_TARGET = 10.1;
				MTL_ENABLE_DEBUG_INFO = NO;
				SDKROOT = iphoneos;
				SWIFT_OPTIMIZATION_LEVEL = "-Owholemodule";
				TARGETED_DEVICE_FAMILY = "1,2";
				VALIDATE_PRODUCT = YES;
			};
			name = Release;
		};
		95F041D21DD4FACE00FF747E /* Debug */ = {
			isa = XCBuildConfiguration;
			buildSettings = {
				ASSETCATALOG_COMPILER_APPICON_NAME = AppIcon;
				INFOPLIST_FILE = customCellFlightlessNov/Info.plist;
				LD_RUNPATH_SEARCH_PATHS = "$(inherited) @executable_path/Frameworks";
				PRODUCT_BUNDLE_IDENTIFIER = com.codingdojo.customCellFlightlessNov;
				PRODUCT_NAME = "$(TARGET_NAME)";
				SWIFT_VERSION = 3.0;
			};
			name = Debug;
		};
		95F041D31DD4FACE00FF747E /* Release */ = {
			isa = XCBuildConfiguration;
			buildSettings = {
				ASSETCATALOG_COMPILER_APPICON_NAME = AppIcon;
				INFOPLIST_FILE = customCellFlightlessNov/Info.plist;
				LD_RUNPATH_SEARCH_PATHS = "$(inherited) @executable_path/Frameworks";
				PRODUCT_BUNDLE_IDENTIFIER = com.codingdojo.customCellFlightlessNov;
				PRODUCT_NAME = "$(TARGET_NAME)";
				SWIFT_VERSION = 3.0;
			};
			name = Release;
		};
		95F041D51DD4FACE00FF747E /* Debug */ = {
			isa = XCBuildConfiguration;
			buildSettings = {
				ALWAYS_EMBED_SWIFT_STANDARD_LIBRARIES = YES;
				BUNDLE_LOADER = "$(TEST_HOST)";
				INFOPLIST_FILE = customCellFlightlessNovTests/Info.plist;
				LD_RUNPATH_SEARCH_PATHS = "$(inherited) @executable_path/Frameworks @loader_path/Frameworks";
				PRODUCT_BUNDLE_IDENTIFIER = com.codingdojo.customCellFlightlessNovTests;
				PRODUCT_NAME = "$(TARGET_NAME)";
				SWIFT_VERSION = 3.0;
				TEST_HOST = "$(BUILT_PRODUCTS_DIR)/customCellFlightlessNov.app/customCellFlightlessNov";
			};
			name = Debug;
		};
		95F041D61DD4FACE00FF747E /* Release */ = {
			isa = XCBuildConfiguration;
			buildSettings = {
				ALWAYS_EMBED_SWIFT_STANDARD_LIBRARIES = YES;
				BUNDLE_LOADER = "$(TEST_HOST)";
				INFOPLIST_FILE = customCellFlightlessNovTests/Info.plist;
				LD_RUNPATH_SEARCH_PATHS = "$(inherited) @executable_path/Frameworks @loader_path/Frameworks";
				PRODUCT_BUNDLE_IDENTIFIER = com.codingdojo.customCellFlightlessNovTests;
				PRODUCT_NAME = "$(TARGET_NAME)";
				SWIFT_VERSION = 3.0;
				TEST_HOST = "$(BUILT_PRODUCTS_DIR)/customCellFlightlessNov.app/customCellFlightlessNov";
			};
			name = Release;
		};
		95F041D81DD4FACE00FF747E /* Debug */ = {
			isa = XCBuildConfiguration;
			buildSettings = {
				ALWAYS_EMBED_SWIFT_STANDARD_LIBRARIES = YES;
				INFOPLIST_FILE = customCellFlightlessNovUITests/Info.plist;
				LD_RUNPATH_SEARCH_PATHS = "$(inherited) @executable_path/Frameworks @loader_path/Frameworks";
				PRODUCT_BUNDLE_IDENTIFIER = com.codingdojo.customCellFlightlessNovUITests;
				PRODUCT_NAME = "$(TARGET_NAME)";
				SWIFT_VERSION = 3.0;
				TEST_TARGET_NAME = customCellFlightlessNov;
			};
			name = Debug;
		};
		95F041D91DD4FACE00FF747E /* Release */ = {
			isa = XCBuildConfiguration;
			buildSettings = {
				ALWAYS_EMBED_SWIFT_STANDARD_LIBRARIES = YES;
				INFOPLIST_FILE = customCellFlightlessNovUITests/Info.plist;
				LD_RUNPATH_SEARCH_PATHS = "$(inherited) @executable_path/Frameworks @loader_path/Frameworks";
				PRODUCT_BUNDLE_IDENTIFIER = com.codingdojo.customCellFlightlessNovUITests;
				PRODUCT_NAME = "$(TARGET_NAME)";
				SWIFT_VERSION = 3.0;
				TEST_TARGET_NAME = customCellFlightlessNov;
			};
			name = Release;
		};
/* End XCBuildConfiguration section */

/* Begin XCConfigurationList section */
		95F041A41DD4FACE00FF747E /* Build configuration list for PBXProject "customCellFlightlessNov" */ = {
			isa = XCConfigurationList;
			buildConfigurations = (
				95F041CF1DD4FACE00FF747E /* Debug */,
				95F041D01DD4FACE00FF747E /* Release */,
			);
			defaultConfigurationIsVisible = 0;
			defaultConfigurationName = Release;
		};
		95F041D11DD4FACE00FF747E /* Build configuration list for PBXNativeTarget "customCellFlightlessNov" */ = {
			isa = XCConfigurationList;
			buildConfigurations = (
				95F041D21DD4FACE00FF747E /* Debug */,
				95F041D31DD4FACE00FF747E /* Release */,
			);
			defaultConfigurationIsVisible = 0;
		};
		95F041D41DD4FACE00FF747E /* Build configuration list for PBXNativeTarget "customCellFlightlessNovTests" */ = {
			isa = XCConfigurationList;
			buildConfigurations = (
				95F041D51DD4FACE00FF747E /* Debug */,
				95F041D61DD4FACE00FF747E /* Release */,
			);
			defaultConfigurationIsVisible = 0;
		};
		95F041D71DD4FACE00FF747E /* Build configuration list for PBXNativeTarget "customCellFlightlessNovUITests" */ = {
			isa = XCConfigurationList;
			buildConfigurations = (
				95F041D81DD4FACE00FF747E /* Debug */,
				95F041D91DD4FACE00FF747E /* Release */,
			);
			defaultConfigurationIsVisible = 0;
		};
/* End XCConfigurationList section */
	};
	rootObject = 95F041A11DD4FACE00FF747E /* Project object */;
}
